
Microsoft Visual Studio Solution File, Format Version 12.00
# Visual Studio Version 17
VisualStudioVersion = 17.0.31903.59
MinimumVisualStudioVersion = 10.0.40219.1
Project("{FAE04EC0-301F-11D3-BF4B-00C04F79EFBC}") = "MazeRunner", "MazeRunner.csproj", "{16038464-EA34-4998-A9FD-B7BA5C829A93}"
EndProject
Global
	GlobalSection(SolutionConfigurationPlatforms) = preSolution
		Debug|Any CPU = Debug|Any CPU
		Release|Any CPU = Release|Any CPU
	EndGlobalSection
	GlobalSection(ProjectConfigurationPlatforms) = postSolution
		{16038464-EA34-4998-A9FD-B7BA5C829A93}.Debug|Any CPU.ActiveCfg = Debug|Any CPU
		{16038464-EA34-4998-A9FD-B7BA5C829A93}.Debug|Any CPU.Build.0 = Debug|Any CPU
		{16038464-EA34-4998-A9FD-B7BA5C829A93}.Release|Any CPU.ActiveCfg = Release|Any CPU
		{16038464-EA34-4998-A9FD-B7BA5C829A93}.Release|Any CPU.Build.0 = Release|Any CPU
	EndGlobalSection
	GlobalSection(SolutionProperties) = preSolution
		HideSolutionNode = FALSE
	EndGlobalSection
	GlobalSection(ExtensibilityGlobals) = postSolution
		SolutionGuid = {322D54B0-0543-47A6-B7CB-F7A821038CB8}
	EndGlobalSection
EndGlobal
